{
  "name": "topo-template-format",
  "version": "1.0.0",
  "lockfileVersion": 3,
  "requires": true,
  "packages": {
    "": {
      "name": "topo-template-format",
      "version": "1.0.0",
      "devDependencies": {
        "@shogobg/markdown2confluence": "^0.1.11",
        "prettier": "^3.8.1"
      }
    },
    "node_modules/@shogobg/markdown2confluence": {
      "version": "0.1.11",
      "resolved": "https://registry.npmjs.org/@shogobg/markdown2confluence/-/markdown2confluence-0.1.11.tgz",
      "integrity": "sha512-a9tIt5G7zGqXjhTe8OJ5EvB/Zx7BCr8lMowCTZ8qvm9iJhT+PdRNWb43hwp7zV7e0Hq7M5PRSpMlfmxIKaSBLA==",
      "dev": true,
      "license": "ISC",
      "dependencies": {
        "marked": "^12.0.2"
      },
      "bin": {
        "markdown2confluence": "bin/markdown2confluence.js"
      },
      "engines": {
        "node": ">= 18.0.0"
      }
    },
    "node_modules/marked": {
      "version": "12.0.2",
      "resolved": "https://registry.npmjs.org/marked/-/marked-12.0.2.tgz",
      "integrity": "sha512-qXUm7e/YKFoqFPYPa3Ukg9xlI5cyAtGmyEIzMfW//m6kXwCy2Ps9DYf5ioijFKQ8qyuscrHoY04iJGctu2Kg0Q==",
      "dev": true,
      "license": "MIT",
      "bin": {
        "marked": "bin/marked.js"
      },
      "engines": {
        "node": ">= 18"
      }
    },
    "node_modules/prettier": {
      "version": "3.8.1",
      "resolved": "https://registry.npmjs.org/prettier/-/prettier-3.8.1.tgz",
      "integrity": "sha512-UOnG6LftzbdaHZcKoPFtOcCKztrQ57WkHDeRD9t/PTQtmT0NHSeWWepj6pS0z/N7+08BHFDQVUrfmfMRcZwbMg==",
      "dev": true,
      "license": "MIT",
      "bin": {
        "prettier": "bin/prettier.cjs"
      },
      "engines": {
        "node": ">=14"
      },
      "funding": {
        "url": "https://github.com/prettier/prettier?sponsor=1"
      }
    }
  }
}
